{
    "format_version": "1.1",
    "terraform_version": "1.2.1",
    "variables": {
        "location": {
            "value": "eastus"
        },
        "prefix": {
            "value": "terra"
        }
    },
    "planned_values": {
        "outputs": {
            "resource_group_name": {
                "sensitive": false,
                "type": "string",
                "value": "terra-resources"
            }
        },
        "root_module": {
            "resources": [
                {
                    "address": "azurerm_container_registry.main",
                    "mode": "managed",
                    "type": "azurerm_container_registry",
                    "name": "main",
                    "provider_name": "registry.terraform.io/hashicorp/azurerm",
                    "schema_version": 2,
                    "values": {
                        "admin_enabled": true,
                        "anonymous_pull_enabled": null,
                        "data_endpoint_enabled": true,
                        "export_policy_enabled": true,
                        "georeplications": [],
                        "identity": [],
                        "location": "eastus",
                        "name": "terraacr",
                        "network_rule_bypass_option": "AzureServices",
                        "public_network_access_enabled": true,
                        "quarantine_policy_enabled": null,
                        "resource_group_name": "terra-resources",
                        "sku": "Premium",
                        "tags": {
                            "ghs-apptioid": "",
                            "ghs-los": "",
                            "ghs-owner": "",
                            "ghs-solution": "",
                            "ghs-tariff": ""
                        },
                        "timeouts": null,
                        "zone_redundancy_enabled": false
                    },
                    "sensitive_values": {
                        "encryption": [],
                        "georeplications": [],
                        "identity": [],
                        "network_rule_set": [],
                        "retention_policy": [],
                        "tags": {},
                        "trust_policy": []
                    }
                },
                {
                    "address": "azurerm_resource_group.main",
                    "mode": "managed",
                    "type": "azurerm_resource_group",
                    "name": "main",
                    "provider_name": "registry.terraform.io/hashicorp/azurerm",
                    "schema_version": 0,
                    "values": {
                        "id": "/subscriptions/9b0ffeeb-be0c-4bb3-a3c0-6860e7dbddf2/resourceGroups/terra-resources",
                        "location": "eastus",
                        "name": "terra-resources",
                        "tags": {},
                        "timeouts": null
                    },
                    "sensitive_values": {
                        "tags": {}
                    }
                },
                {
                    "address": "azurerm_service_plan.main",
                    "mode": "managed",
                    "type": "azurerm_service_plan",
                    "name": "main",
                    "provider_name": "registry.terraform.io/hashicorp/azurerm",
                    "schema_version": 0,
                    "values": {
                        "app_service_environment_id": null,
                        "location": "eastus",
                        "name": "terra-service-plan",
                        "os_type": "Linux",
                        "per_site_scaling_enabled": false,
                        "resource_group_name": "terra-resources",
                        "sku_name": "S1",
                        "tags": null,
                        "timeouts": null,
                        "zone_balancing_enabled": null
                    },
                    "sensitive_values": {}
                }
            ]
        }
    },
    "resource_drift": [
        {
            "address": "azurerm_resource_group.main",
            "mode": "managed",
            "type": "azurerm_resource_group",
            "name": "main",
            "provider_name": "registry.terraform.io/hashicorp/azurerm",
            "change": {
                "actions": [
                    "update"
                ],
                "before": {
                    "id": "/subscriptions/9b0ffeeb-be0c-4bb3-a3c0-6860e7dbddf2/resourceGroups/terra-resources",
                    "location": "eastus",
                    "name": "terra-resources",
                    "tags": null,
                    "timeouts": null
                },
                "after": {
                    "id": "/subscriptions/9b0ffeeb-be0c-4bb3-a3c0-6860e7dbddf2/resourceGroups/terra-resources",
                    "location": "eastus",
                    "name": "terra-resources",
                    "tags": {},
                    "timeouts": null
                },
                "after_unknown": {},
                "before_sensitive": {},
                "after_sensitive": {
                    "tags": {}
                }
            }
        }
    ],
    "resource_changes": [
        {
            "address": "azurerm_container_registry.main",
            "mode": "managed",
            "type": "azurerm_container_registry",
            "name": "main",
            "provider_name": "registry.terraform.io/hashicorp/azurerm",
            "change": {
                "actions": [
                    "create"
                ],
                "before": null,
                "after": {
                    "admin_enabled": true,
                    "anonymous_pull_enabled": null,
                    "data_endpoint_enabled": true,
                    "export_policy_enabled": true,
                    "georeplications": [],
                    "identity": [],
                    "location": "eastus",
                    "name": "terraacr",
                    "network_rule_bypass_option": "AzureServices",
                    "public_network_access_enabled": true,
                    "quarantine_policy_enabled": null,
                    "resource_group_name": "terra-resources",
                    "sku": "Premium",
                    "tags": {
                        "ghs-apptioid": "",
                        "ghs-los": "",
                        "ghs-owner": "",
                        "ghs-solution": "",
                        "ghs-tariff": ""
                    },
                    "timeouts": null,
                    "zone_redundancy_enabled": false
                },
                "after_unknown": {
                    "admin_password": true,
                    "admin_username": true,
                    "encryption": true,
                    "georeplications": [],
                    "id": true,
                    "identity": [],
                    "login_server": true,
                    "network_rule_set": true,
                    "retention_policy": true,
                    "tags": {},
                    "trust_policy": true
                },
                "before_sensitive": false,
                "after_sensitive": {
                    "admin_password": true,
                    "encryption": [],
                    "georeplications": [],
                    "identity": [],
                    "network_rule_set": [],
                    "retention_policy": [],
                    "tags": {},
                    "trust_policy": []
                }
            }
        },
        {
            "address": "azurerm_resource_group.main",
            "mode": "managed",
            "type": "azurerm_resource_group",
            "name": "main",
            "provider_name": "registry.terraform.io/hashicorp/azurerm",
            "change": {
                "actions": [
                    "no-op"
                ],
                "before": {
                    "id": "/subscriptions/9b0ffeeb-be0c-4bb3-a3c0-6860e7dbddf2/resourceGroups/terra-resources",
                    "location": "eastus",
                    "name": "terra-resources",
                    "tags": {},
                    "timeouts": null
                },
                "after": {
                    "id": "/subscriptions/9b0ffeeb-be0c-4bb3-a3c0-6860e7dbddf2/resourceGroups/terra-resources",
                    "location": "eastus",
                    "name": "terra-resources",
                    "tags": {},
                    "timeouts": null
                },
                "after_unknown": {},
                "before_sensitive": {
                    "tags": {}
                },
                "after_sensitive": {
                    "tags": {}
                }
            }
        },
        {
            "address": "azurerm_service_plan.main",
            "mode": "managed",
            "type": "azurerm_service_plan",
            "name": "main",
            "provider_name": "registry.terraform.io/hashicorp/azurerm",
            "change": {
                "actions": [
                    "create"
                ],
                "before": null,
                "after": {
                    "app_service_environment_id": null,
                    "location": "eastus",
                    "name": "terra-service-plan",
                    "os_type": "Linux",
                    "per_site_scaling_enabled": false,
                    "resource_group_name": "terra-resources",
                    "sku_name": "S1",
                    "tags": null,
                    "timeouts": null,
                    "zone_balancing_enabled": null
                },
                "after_unknown": {
                    "id": true,
                    "kind": true,
                    "maximum_elastic_worker_count": true,
                    "reserved": true,
                    "worker_count": true
                },
                "before_sensitive": false,
                "after_sensitive": {}
            }
        }
    ],
    "output_changes": {
        "resource_group_name": {
            "actions": [
                "no-op"
            ],
            "before": "terra-resources",
            "after": "terra-resources",
            "after_unknown": false,
            "before_sensitive": false,
            "after_sensitive": false
        }
    },
    "prior_state": {
        "format_version": "1.0",
        "terraform_version": "1.2.1",
        "values": {
            "outputs": {
                "resource_group_name": {
                    "sensitive": false,
                    "value": "terra-resources",
                    "type": "string"
                }
            },
            "root_module": {
                "resources": [
                    {
                        "address": "azurerm_resource_group.main",
                        "mode": "managed",
                        "type": "azurerm_resource_group",
                        "name": "main",
                        "provider_name": "registry.terraform.io/hashicorp/azurerm",
                        "schema_version": 0,
                        "values": {
                            "id": "/subscriptions/9b0ffeeb-be0c-4bb3-a3c0-6860e7dbddf2/resourceGroups/terra-resources",
                            "location": "eastus",
                            "name": "terra-resources",
                            "tags": {},
                            "timeouts": null
                        },
                        "sensitive_values": {
                            "tags": {}
                        }
                    },
                    {
                        "address": "data.azurerm_client_config.current",
                        "mode": "data",
                        "type": "azurerm_client_config",
                        "name": "current",
                        "provider_name": "registry.terraform.io/hashicorp/azurerm",
                        "schema_version": 0,
                        "values": {
                            "client_id": "04b07795-8ddb-461a-bbee-02f9e1bf7b46",
                            "id": "2022-06-01 16:21:40.5088779 +0000 UTC",
                            "object_id": "",
                            "subscription_id": "9b0ffeeb-be0c-4bb3-a3c0-6860e7dbddf2",
                            "tenant_id": "513294a0-3e20-41b2-a970-6d30bf1546fa",
                            "timeouts": null
                        },
                        "sensitive_values": {}
                    }
                ]
            }
        }
    },
    "configuration": {
        "provider_config": {
            "azurerm": {
                "name": "azurerm",
                "full_name": "registry.terraform.io/hashicorp/azurerm",
                "expressions": {
                    "features": [
                        {}
                    ]
                }
            }
        },
        "root_module": {
            "outputs": {
                "resource_group_name": {
                    "expression": {
                        "references": [
                            "azurerm_resource_group.main.name",
                            "azurerm_resource_group.main"
                        ]
                    },
                    "description": "description for output_name"
                }
            },
            "resources": [
                {
                    "address": "azurerm_container_registry.main",
                    "mode": "managed",
                    "type": "azurerm_container_registry",
                    "name": "main",
                    "provider_config_key": "azurerm",
                    "expressions": {
                        "admin_enabled": {
                            "constant_value": true
                        },
                        "data_endpoint_enabled": {
                            "constant_value": true
                        },
                        "location": {
                            "references": [
                                "azurerm_resource_group.main.location",
                                "azurerm_resource_group.main"
                            ]
                        },
                        "name": {
                            "references": [
                                "var.prefix"
                            ]
                        },
                        "resource_group_name": {
                            "references": [
                                "azurerm_resource_group.main.name",
                                "azurerm_resource_group.main"
                            ]
                        },
                        "sku": {
                            "constant_value": "Premium"
                        },
                        "tags": {
                            "constant_value": {
                                "ghs-apptioid": "",
                                "ghs-los": "",
                                "ghs-owner": "",
                                "ghs-solution": "",
                                "ghs-tariff": ""
                            }
                        }
                    },
                    "schema_version": 2,
                    "depends_on": [
                        "azurerm_resource_group.main"
                    ]
                },
                {
                    "address": "azurerm_resource_group.main",
                    "mode": "managed",
                    "type": "azurerm_resource_group",
                    "name": "main",
                    "provider_config_key": "azurerm",
                    "expressions": {
                        "location": {
                            "references": [
                                "var.location"
                            ]
                        },
                        "name": {
                            "references": [
                                "var.prefix"
                            ]
                        }
                    },
                    "schema_version": 0
                },
                {
                    "address": "azurerm_service_plan.main",
                    "mode": "managed",
                    "type": "azurerm_service_plan",
                    "name": "main",
                    "provider_config_key": "azurerm",
                    "expressions": {
                        "location": {
                            "references": [
                                "azurerm_resource_group.main.location",
                                "azurerm_resource_group.main"
                            ]
                        },
                        "name": {
                            "references": [
                                "var.prefix"
                            ]
                        },
                        "os_type": {
                            "constant_value": "Linux"
                        },
                        "resource_group_name": {
                            "references": [
                                "azurerm_resource_group.main.name",
                                "azurerm_resource_group.main"
                            ]
                        },
                        "sku_name": {
                            "constant_value": "S1"
                        }
                    },
                    "schema_version": 0
                },
                {
                    "address": "data.azurerm_client_config.current",
                    "mode": "data",
                    "type": "azurerm_client_config",
                    "name": "current",
                    "provider_config_key": "azurerm",
                    "schema_version": 0
                }
            ],
            "variables": {
                "location": {
                    "default": "eastus",
                    "description": "The Azure location where all resources in this example should be created"
                },
                "prefix": {
                    "default": "terra",
                    "description": "The prefix used for all resources in this example"
                }
            }
        }
    },
    "relevant_attributes": [
        {
            "resource": "azurerm_resource_group.main",
            "attribute": [
                "name"
            ]
        },
        {
            "resource": "azurerm_resource_group.main",
            "attribute": [
                "location"
            ]
        }
    ]
}